
Microsoft Visual Studio Solution File, Format Version 12.00
# Visual Studio 15
VisualStudioVersion = 15.0.28010.2046
MinimumVisualStudioVersion = 10.0.40219.1
Project("{FAE04EC0-301F-11D3-BF4B-00C04F79EFBC}") = "Events.Web", "Events.Web\Events.Web.csproj", "{DD877FF6-5803-4A2E-A2F3-CE4CAECC11B4}"
EndProject
Project("{FAE04EC0-301F-11D3-BF4B-00C04F79EFBC}") = "Events.Data", "Events.Data\Events.Data.csproj", "{44D7184A-F369-49D1-9055-421B2F4C6F9E}"
EndProject
Global
	GlobalSection(SolutionConfigurationPlatforms) = preSolution
		Debug|Any CPU = Debug|Any CPU
		Release|Any CPU = Release|Any CPU
	EndGlobalSection
	GlobalSection(ProjectConfigurationPlatforms) = postSolution
		{DD877FF6-5803-4A2E-A2F3-CE4CAECC11B4}.Debug|Any CPU.ActiveCfg = Debug|Any CPU
		{DD877FF6-5803-4A2E-A2F3-CE4CAECC11B4}.Debug|Any CPU.Build.0 = Debug|Any CPU
		{DD877FF6-5803-4A2E-A2F3-CE4CAECC11B4}.Release|Any CPU.ActiveCfg = Release|Any CPU
		{DD877FF6-5803-4A2E-A2F3-CE4CAECC11B4}.Release|Any CPU.Build.0 = Release|Any CPU
		{44D7184A-F369-49D1-9055-421B2F4C6F9E}.Debug|Any CPU.ActiveCfg = Debug|Any CPU
		{44D7184A-F369-49D1-9055-421B2F4C6F9E}.Debug|Any CPU.Build.0 = Debug|Any CPU
		{44D7184A-F369-49D1-9055-421B2F4C6F9E}.Release|Any CPU.ActiveCfg = Release|Any CPU
		{44D7184A-F369-49D1-9055-421B2F4C6F9E}.Release|Any CPU.Build.0 = Release|Any CPU
	EndGlobalSection
	GlobalSection(SolutionProperties) = preSolution
		HideSolutionNode = FALSE
	EndGlobalSection
	GlobalSection(ExtensibilityGlobals) = postSolution
		SolutionGuid = {BB26F626-E0E8-42F4-B637-1BF857917682}
	EndGlobalSection
EndGlobal
